Microsoft Visual Studio Solution File, Format Version 12.00
# Visual Studio Version 17
VisualStudioVersion = 17.5.2.0
MinimumVisualStudioVersion = 10.0.40219.1
Project("{FAE04EC0-301F-11D3-BF4B-00C04F79EFBC}") = "Cyber-behaviour-profiling", "Cyber-behaviour-profiling.csproj", "{ECD0E948-CD1F-66D1-8D71-F5AADB98BC32}"
EndProject
Global
	GlobalSection(SolutionConfigurationPlatforms) = preSolution
		Debug|Any CPU = Debug|Any CPU
		Release|Any CPU = Release|Any CPU
	EndGlobalSection
	GlobalSection(ProjectConfigurationPlatforms) = postSolution
		{ECD0E948-CD1F-66D1-8D71-F5AADB98BC32}.Debug|Any CPU.ActiveCfg = Debug|Any CPU
		{ECD0E948-CD1F-66D1-8D71-F5AADB98BC32}.Debug|Any CPU.Build.0 = Debug|Any CPU
		{ECD0E948-CD1F-66D1-8D71-F5AADB98BC32}.Release|Any CPU.ActiveCfg = Release|Any CPU
		{ECD0E948-CD1F-66D1-8D71-F5AADB98BC32}.Release|Any CPU.Build.0 = Release|Any CPU
	EndGlobalSection
	GlobalSection(SolutionProperties) = preSolution
		HideSolutionNode = FALSE
	EndGlobalSection
	GlobalSection(ExtensibilityGlobals) = postSolution
		SolutionGuid = {88768B49-3E6A-4259-9A40-10DC54CB2448}
	EndGlobalSection
EndGlobal
